
Microsoft Visual Studio Solution File, Format Version 12.00
# Visual Studio Version 17
VisualStudioVersion = 17.4.33213.308
MinimumVisualStudioVersion = 10.0.40219.1
Project("{9A19103F-16F7-4668-BE54-9A1E7A4F7556}") = "WebApi", "WebApi\WebApi.csproj", "{CBBDFAA9-A70B-442E-8DF7-3DEE8B05F974}"
EndProject
Project("{9A19103F-16F7-4668-BE54-9A1E7A4F7556}") = "WebApiTest", "WebApiTest\WebApiTest.csproj", "{D20A071E-ABC1-470C-B392-E88BAC4D2603}"
EndProject
Project("{FAE04EC0-301F-11D3-BF4B-00C04F79EFBC}") = "WebApiTests", "WebApiTests\WebApiTests.csproj", "{D490821B-0580-47B2-BBE7-CA8496CC0899}"
EndProject
Global
	GlobalSection(SolutionConfigurationPlatforms) = preSolution
		Debug|Any CPU = Debug|Any CPU
		Release|Any CPU = Release|Any CPU
	EndGlobalSection
	GlobalSection(ProjectConfigurationPlatforms) = postSolution
		{CBBDFAA9-A70B-442E-8DF7-3DEE8B05F974}.Debug|Any CPU.ActiveCfg = Debug|Any CPU
		{CBBDFAA9-A70B-442E-8DF7-3DEE8B05F974}.Debug|Any CPU.Build.0 = Debug|Any CPU
		{CBBDFAA9-A70B-442E-8DF7-3DEE8B05F974}.Release|Any CPU.ActiveCfg = Release|Any CPU
		{CBBDFAA9-A70B-442E-8DF7-3DEE8B05F974}.Release|Any CPU.Build.0 = Release|Any CPU
		{D20A071E-ABC1-470C-B392-E88BAC4D2603}.Debug|Any CPU.ActiveCfg = Debug|Any CPU
		{D20A071E-ABC1-470C-B392-E88BAC4D2603}.Debug|Any CPU.Build.0 = Debug|Any CPU
		{D20A071E-ABC1-470C-B392-E88BAC4D2603}.Release|Any CPU.ActiveCfg = Release|Any CPU
		{D20A071E-ABC1-470C-B392-E88BAC4D2603}.Release|Any CPU.Build.0 = Release|Any CPU
		{D490821B-0580-47B2-BBE7-CA8496CC0899}.Debug|Any CPU.ActiveCfg = Debug|Any CPU
		{D490821B-0580-47B2-BBE7-CA8496CC0899}.Debug|Any CPU.Build.0 = Debug|Any CPU
		{D490821B-0580-47B2-BBE7-CA8496CC0899}.Release|Any CPU.ActiveCfg = Release|Any CPU
		{D490821B-0580-47B2-BBE7-CA8496CC0899}.Release|Any CPU.Build.0 = Release|Any CPU
	EndGlobalSection
	GlobalSection(SolutionProperties) = preSolution
		HideSolutionNode = FALSE
	EndGlobalSection
	GlobalSection(ExtensibilityGlobals) = postSolution
		SolutionGuid = {143D1D8B-8A90-4574-8B2D-616251BC0A9C}
	EndGlobalSection
EndGlobal
